{"version":4,"terraform_version":"1.9.1","serial":24,"lineage":"025240a6-39bf-74fd-cf1c-fa53c0d75807","outputs":{},"resources":[{"module":"module.desec_domain_config[\"aut-num.de.zone\"]","mode":"data","type":"zonefile_record_sets","name":"zone","provider":"provider[\"registry.opentofu.org/ahamlinman/zonefile\"]","instances":[{"schema_version":0,"attributes":{"content":"$TTL 3600\n\n; SOA is managed by desec so we skip it\n; aut-num.de.\t300     IN\tSOA\tget.desec.io. get.desec.io. 2025053101 86400 3600 2419200 3600\n\n@\t3600\tIN\tNS\tns1.desec.io.\n@\t3600\tIN\tNS\tns2.desec.org.\n\n@   DNAME   gtw.srv.lly.sh.\n","origin":"aut-num.de","rrsets":[{"class":"IN","data":["ns1.desec.io.","ns2.desec.org."],"fqdn":"aut-num.de.","mx":null,"name":null,"srv":null,"ttl":3600,"txt":null,"type":"NS"},{"class":"IN","data":["gtw.srv.lly.sh."],"fqdn":"aut-num.de.","mx":null,"name":null,"srv":null,"ttl":3600,"txt":null,"type":"DNAME"}]},"sensitive_attributes":[]}]},{"module":"module.desec_domain_config[\"aut-num.de.zone\"]","mode":"managed","type":"desec_domain","name":"domain","provider":"provider[\"registry.opentofu.org/valodim/desec\"]","instances":[{"schema_version":0,"attributes":{"created":"2025-05-31T19:17:37Z","id":"aut-num.de","keys":[{"dnskey":"257 3 13 uIwLJwSpzWSn6FBwQ0hNX/8g+My7IFSxbgYdgQfldpGSi+EB8PRRj3GBW2F/V24MsIRLVjCSlkIKlAt2qbDkNA==","ds":["2950 13 2 7d4e1cabfad9ab463fbaae1d4244787caa5521f94226d8c932ef9b308f612f6c","2950 13 4 114398092f927c1bdaf9b89ea75bbd8ab97b12f1773d685a096a322b600d687e0548e90d784570d11c5652f51517600e"],"flags":257,"keytype":"csk"}],"minimum_ttl":3600,"name":"aut-num.de","published":"2025-05-31T19:17:38Z"},"sensitive_attributes":[],"private":"eyJzY2hlbWFfdmVyc2lvbiI6IjAifQ==","dependencies":["module.desec_domain_config.data.zonefile_record_sets.zone"]}]},{"module":"module.desec_domain_config[\"aut-num.de.zone\"]","mode":"managed","type":"desec_rrset","name":"records","provider":"provider[\"registry.opentofu.org/valodim/desec\"]","instances":[{"index_key":"@ DNAME","schema_version":0,"attributes":{"created":"2025-05-31T19:59:12Z","domain":"aut-num.de","id":"aut-num.de/@/DNAME","name":"aut-num.de.","records":["gtw.srv.lly.sh."],"subname":"","ttl":3600,"type":"DNAME"},"sensitive_attributes":[],"private":"bnVsbA==","dependencies":["module.desec_domain_config.data.zonefile_record_sets.zone","module.desec_domain_config.desec_domain.domain"]},{"index_key":"@ NS","schema_version":0,"attributes":{"created":"2025-05-31T19:17:38Z","domain":"aut-num.de","id":"aut-num.de/@/NS","name":"aut-num.de.","records":["ns1.desec.io.","ns2.desec.org."],"subname":"","ttl":3600,"type":"NS"},"sensitive_attributes":[],"private":"eyJzY2hlbWFfdmVyc2lvbiI6IjAifQ==","dependencies":["module.desec_domain_config.data.zonefile_record_sets.zone","module.desec_domain_config.desec_domain.domain"]}]},{"module":"module.desec_domain_config[\"aut-sys.de.zone\"]","mode":"data","type":"zonefile_record_sets","name":"zone","provider":"provider[\"registry.opentofu.org/ahamlinman/zonefile\"]","instances":[{"schema_version":0,"attributes":{"content":"$TTL 3600\n\n; SOA is managed by desec so we skip it\n; aut-sys.de.\t300\t    IN\tSOA\tget.desec.io. get.desec.io. 2025053101 86400 3600 2419200 3600\n\n@\t3600\tIN\tNS\tns1.desec.io.\n@\t3600\tIN\tNS\tns2.desec.org.\n\n@   DNAME   gtw.srv.lly.sh.\n","origin":"aut-sys.de","rrsets":[{"class":"IN","data":["ns1.desec.io.","ns2.desec.org."],"fqdn":"aut-sys.de.","mx":null,"name":null,"srv":null,"ttl":3600,"txt":null,"type":"NS"},{"class":"IN","data":["gtw.srv.lly.sh."],"fqdn":"aut-sys.de.","mx":null,"name":null,"srv":null,"ttl":3600,"txt":null,"type":"DNAME"}]},"sensitive_attributes":[]}]},{"module":"module.desec_domain_config[\"aut-sys.de.zone\"]","mode":"managed","type":"desec_domain","name":"domain","provider":"provider[\"registry.opentofu.org/valodim/desec\"]","instances":[{"schema_version":0,"attributes":{"created":"2025-05-31T19:17:25Z","id":"aut-sys.de","keys":[{"dnskey":"257 3 13 r5W6NvFwF9xjkLjAQJ5lpo4+HO5CQqHfIfxgcRDkgL7tHhEIelBeP8GBMjZLvXiz2K85qrEgJSMDhKbQFHrSQw==","ds":["58795 13 2 efc1a5a811030fbadf2161783e65e7e0f843eb16ac84f7ac08d8529ff68c1d04","58795 13 4 a4959382ab1763506cd5bba874f2715ed0c04af718b24a1055e2552d996e5982689f8cbda7664e6eb01f13769af77f70"],"flags":257,"keytype":"csk"}],"minimum_ttl":3600,"name":"aut-sys.de","published":"2025-05-31T19:17:26Z"},"sensitive_attributes":[],"private":"eyJzY2hlbWFfdmVyc2lvbiI6IjAifQ==","dependencies":["module.desec_domain_config.data.zonefile_record_sets.zone"]}]},{"module":"module.desec_domain_config[\"aut-sys.de.zone\"]","mode":"managed","type":"desec_rrset","name":"records","provider":"provider[\"registry.opentofu.org/valodim/desec\"]","instances":[{"index_key":"@ DNAME","schema_version":0,"attributes":{"created":"2025-05-31T19:59:12Z","domain":"aut-sys.de","id":"aut-sys.de/@/DNAME","name":"aut-sys.de.","records":["gtw.srv.lly.sh."],"subname":"","ttl":3600,"type":"DNAME"},"sensitive_attributes":[],"private":"bnVsbA==","dependencies":["module.desec_domain_config.data.zonefile_record_sets.zone","module.desec_domain_config.desec_domain.domain"]},{"index_key":"@ NS","schema_version":0,"attributes":{"created":"2025-05-31T19:17:26Z","domain":"aut-sys.de","id":"aut-sys.de/@/NS","name":"aut-sys.de.","records":["ns1.desec.io.","ns2.desec.org."],"subname":"","ttl":3600,"type":"NS"},"sensitive_attributes":[],"private":"eyJzY2hlbWFfdmVyc2lvbiI6IjAifQ==","dependencies":["module.desec_domain_config.data.zonefile_record_sets.zone","module.desec_domain_config.desec_domain.domain"]}]},{"module":"module.hosting-pve","mode":"managed","type":"proxmox_virtual_environment_group","name":"tenants","provider":"provider[\"registry.opentofu.org/bpg/proxmox\"]","instances":[{"schema_version":0,"attributes":{"acl":[{"path":"/storage/local","propagate":true,"role_id":"PVEDatastoreUser"}],"comment":"","group_id":"tenants","id":"tenants","members":["bene@pve","freddy@pve","fux@pve","isa@pve","noah@pve","timon@pve"]},"sensitive_attributes":[],"private":"bnVsbA=="}]},{"module":"module.hosting-pve","mode":"managed","type":"proxmox_virtual_environment_user","name":"tenant-users","provider":"provider[\"registry.opentofu.org/bpg/proxmox\"]","instances":[{"index_key":"bene","schema_version":0,"attributes":{"acl":[{"path":"/vms/108","propagate":true,"role_id":"PVEVMUser"}],"comment":"","email":"","enabled":true,"expiration_date":"1970-01-01T00:00:00Z","first_name":"","groups":["tenants"],"id":"bene@pve","keys":"","last_name":"","password":null,"user_id":"bene@pve"},"sensitive_attributes":[[{"type":"get_attr","value":"password"}]],"private":"bnVsbA==","dependencies":["module.hosting-pve.proxmox_virtual_environment_group.tenants"]},{"index_key":"freddy","schema_version":0,"attributes":{"acl":[{"path":"/vms/113","propagate":true,"role_id":"PVEVMUser"}],"comment":"","email":"","enabled":true,"expiration_date":"1970-01-01T00:00:00Z","first_name":"","groups":["tenants"],"id":"freddy@pve","keys":"x","last_name":"","password":null,"user_id":"freddy@pve"},"sensitive_attributes":[[{"type":"get_attr","value":"password"}]],"private":"bnVsbA==","dependencies":["module.hosting-pve.proxmox_virtual_environment_group.tenants"]},{"index_key":"fux","schema_version":0,"attributes":{"acl":[{"path":"/vms/112","propagate":true,"role_id":"PVEVMUser"}],"comment":"","email":"","enabled":true,"expiration_date":"1970-01-01T00:00:00Z","first_name":"","groups":["tenants"],"id":"fux@pve","keys":"","last_name":"","password":null,"user_id":"fux@pve"},"sensitive_attributes":[[{"type":"get_attr","value":"password"}]],"private":"bnVsbA==","dependencies":["module.hosting-pve.proxmox_virtual_environment_group.tenants"]},{"index_key":"isa","schema_version":0,"attributes":{"acl":[{"path":"/vms/110","propagate":true,"role_id":"PVEVMUser"}],"comment":"","email":"","enabled":true,"expiration_date":"1970-01-01T00:00:00Z","first_name":"","groups":["tenants"],"id":"isa@pve","keys":"","last_name":"","password":null,"user_id":"isa@pve"},"sensitive_attributes":[[{"type":"get_attr","value":"password"}]],"private":"bnVsbA==","dependencies":["module.hosting-pve.proxmox_virtual_environment_group.tenants"]},{"index_key":"noah","schema_version":0,"attributes":{"acl":[{"path":"/vms/111","propagate":true,"role_id":"PVEVMUser"}],"comment":"","email":"","enabled":true,"expiration_date":"1970-01-01T00:00:00Z","first_name":"","groups":["tenants"],"id":"noah@pve","keys":"","last_name":"","password":null,"user_id":"noah@pve"},"sensitive_attributes":[[{"type":"get_attr","value":"password"}]],"private":"bnVsbA==","dependencies":["module.hosting-pve.proxmox_virtual_environment_group.tenants"]},{"index_key":"timon","schema_version":0,"attributes":{"acl":[{"path":"/vms/109","propagate":true,"role_id":"PVEVMUser"}],"comment":"","email":"","enabled":true,"expiration_date":"1970-01-01T00:00:00Z","first_name":"","groups":["tenants"],"id":"timon@pve","keys":"","last_name":"","password":null,"user_id":"timon@pve"},"sensitive_attributes":[[{"type":"get_attr","value":"password"}]],"private":"bnVsbA==","dependencies":["module.hosting-pve.proxmox_virtual_environment_group.tenants"]}]}],"check_results":null}
