{"version":4,"terraform_version":"1.10.7","serial":64,"lineage":"025240a6-39bf-74fd-cf1c-fa53c0d75807","outputs":{},"resources":[{"module":"module.desec_domain_config[\"aut-num.de.zone\"]","mode":"data","type":"zonefile_record_sets","name":"zone","provider":"provider[\"registry.opentofu.org/ahamlinman/zonefile\"]","instances":[{"schema_version":0,"attributes":{"content":"$TTL 3600\n\n; SOA is managed by desec so we skip it\n; aut-num.de.\t300     IN\tSOA\tget.desec.io. get.desec.io. 2025053101 86400 3600 2419200 3600\n\n@\t3600\tIN\tNS\tns1.desec.io.\n@\t3600\tIN\tNS\tns2.desec.org.\n\n; z9 (stuff hosted at Fux e.G.)\nrt.z9       AAAA 2a07:c481:2:2::1\npve1.z9     AAAA 2a07:c481:2:2::101\npve2.z9     AAAA 2a07:c481:2:2::102\npve3.z9     AAAA 2a07:c481:2:2::103\n","origin":"aut-num.de","rrsets":[{"class":"IN","data":["ns1.desec.io.","ns2.desec.org."],"fqdn":"aut-num.de.","mx":null,"name":null,"srv":null,"ttl":3600,"txt":null,"type":"NS"},{"class":"IN","data":["2a07:c481:2:2::1"],"fqdn":"rt.z9.aut-num.de.","mx":null,"name":"rt.z9","srv":null,"ttl":3600,"txt":null,"type":"AAAA"},{"class":"IN","data":["2a07:c481:2:2::101"],"fqdn":"pve1.z9.aut-num.de.","mx":null,"name":"pve1.z9","srv":null,"ttl":3600,"txt":null,"type":"AAAA"},{"class":"IN","data":["2a07:c481:2:2::102"],"fqdn":"pve2.z9.aut-num.de.","mx":null,"name":"pve2.z9","srv":null,"ttl":3600,"txt":null,"type":"AAAA"},{"class":"IN","data":["2a07:c481:2:2::103"],"fqdn":"pve3.z9.aut-num.de.","mx":null,"name":"pve3.z9","srv":null,"ttl":3600,"txt":null,"type":"AAAA"}]},"sensitive_attributes":[]}]},{"module":"module.desec_domain_config[\"aut-num.de.zone\"]","mode":"managed","type":"desec_domain","name":"domain","provider":"provider[\"registry.opentofu.org/valodim/desec\"]","instances":[{"schema_version":0,"attributes":{"created":"2025-05-31T19:17:37Z","id":"aut-num.de","keys":[{"dnskey":"257 3 13 uIwLJwSpzWSn6FBwQ0hNX/8g+My7IFSxbgYdgQfldpGSi+EB8PRRj3GBW2F/V24MsIRLVjCSlkIKlAt2qbDkNA==","ds":["2950 13 2 7d4e1cabfad9ab463fbaae1d4244787caa5521f94226d8c932ef9b308f612f6c","2950 13 4 114398092f927c1bdaf9b89ea75bbd8ab97b12f1773d685a096a322b600d687e0548e90d784570d11c5652f51517600e"],"flags":257,"keytype":"csk"}],"minimum_ttl":3600,"name":"aut-num.de","published":"2026-01-18T21:35:54Z"},"sensitive_attributes":[],"private":"eyJzY2hlbWFfdmVyc2lvbiI6IjAifQ==","dependencies":["module.desec_domain_config.data.zonefile_record_sets.zone"]}]},{"module":"module.desec_domain_config[\"aut-num.de.zone\"]","mode":"managed","type":"desec_rrset","name":"records","provider":"provider[\"registry.opentofu.org/valodim/desec\"]","instances":[{"index_key":"@ NS","schema_version":0,"attributes":{"created":"2025-05-31T19:17:38Z","domain":"aut-num.de","id":"aut-num.de/@/NS","name":"aut-num.de.","records":["ns1.desec.io.","ns2.desec.org."],"subname":"","ttl":3600,"type":"NS"},"sensitive_attributes":[],"private":"eyJzY2hlbWFfdmVyc2lvbiI6IjAifQ==","dependencies":["module.desec_domain_config.data.zonefile_record_sets.zone","module.desec_domain_config.desec_domain.domain"]},{"index_key":"pve1.z9 AAAA","schema_version":0,"attributes":{"created":"2025-06-06T21:58:50Z","domain":"aut-num.de","id":"aut-num.de/pve1.z9/AAAA","name":"pve1.z9.aut-num.de.","records":["2a07:c481:2:2::101"],"subname":"pve1.z9","ttl":3600,"type":"AAAA"},"sensitive_attributes":[],"private":"bnVsbA==","dependencies":["module.desec_domain_config.data.zonefile_record_sets.zone","module.desec_domain_config.desec_domain.domain"]},{"index_key":"pve2.z9 AAAA","schema_version":0,"attributes":{"created":"2025-06-06T21:58:51Z","domain":"aut-num.de","id":"aut-num.de/pve2.z9/AAAA","name":"pve2.z9.aut-num.de.","records":["2a07:c481:2:2::102"],"subname":"pve2.z9","ttl":3600,"type":"AAAA"},"sensitive_attributes":[],"private":"bnVsbA==","dependencies":["module.desec_domain_config.data.zonefile_record_sets.zone","module.desec_domain_config.desec_domain.domain"]},{"index_key":"pve3.z9 AAAA","schema_version":0,"attributes":{"created":"2025-06-06T21:58:50Z","domain":"aut-num.de","id":"aut-num.de/pve3.z9/AAAA","name":"pve3.z9.aut-num.de.","records":["2a07:c481:2:2::103"],"subname":"pve3.z9","ttl":3600,"type":"AAAA"},"sensitive_attributes":[],"private":"bnVsbA==","dependencies":["module.desec_domain_config.data.zonefile_record_sets.zone","module.desec_domain_config.desec_domain.domain"]},{"index_key":"rt.z9 AAAA","schema_version":0,"attributes":{"created":"2025-06-04T18:36:39Z","domain":"aut-num.de","id":"aut-num.de/rt.z9/AAAA","name":"rt.z9.aut-num.de.","records":["2a07:c481:2:2::1"],"subname":"rt.z9","ttl":3600,"type":"AAAA"},"sensitive_attributes":[],"private":"bnVsbA==","dependencies":["module.desec_domain_config.data.zonefile_record_sets.zone","module.desec_domain_config.desec_domain.domain"]}]},{"module":"module.desec_domain_config[\"aut-sys.de.zone\"]","mode":"data","type":"zonefile_record_sets","name":"zone","provider":"provider[\"registry.opentofu.org/ahamlinman/zonefile\"]","instances":[{"schema_version":0,"attributes":{"content":"$TTL 3600\n\n; SOA is managed by desec so we skip it\n; aut-sys.de.\t300\t    IN\tSOA\tget.desec.io. get.desec.io. 2025053101 86400 3600 2419200 3600\n\n@\t3600\tIN\tNS\tns1.desec.io.\n@\t3600\tIN\tNS\tns2.desec.org.\n\n; redirect everything to my gateway\n@   A       185.161.130.10\n*.  CNAME   www1.z9.aut-num.de.\n","origin":"aut-sys.de","rrsets":[{"class":"IN","data":["ns1.desec.io.","ns2.desec.org."],"fqdn":"aut-sys.de.","mx":null,"name":null,"srv":null,"ttl":3600,"txt":null,"type":"NS"},{"class":"IN","data":["185.161.130.10"],"fqdn":"aut-sys.de.","mx":null,"name":null,"srv":null,"ttl":3600,"txt":null,"type":"A"},{"class":"IN","data":["www1.z9.aut-num.de."],"fqdn":"*.","mx":null,"name":"*","srv":null,"ttl":3600,"txt":null,"type":"CNAME"}]},"sensitive_attributes":[]}]},{"module":"module.desec_domain_config[\"aut-sys.de.zone\"]","mode":"managed","type":"desec_domain","name":"domain","provider":"provider[\"registry.opentofu.org/valodim/desec\"]","instances":[{"schema_version":0,"attributes":{"created":"2025-05-31T19:17:25Z","id":"aut-sys.de","keys":[{"dnskey":"257 3 13 r5W6NvFwF9xjkLjAQJ5lpo4+HO5CQqHfIfxgcRDkgL7tHhEIelBeP8GBMjZLvXiz2K85qrEgJSMDhKbQFHrSQw==","ds":["58795 13 2 efc1a5a811030fbadf2161783e65e7e0f843eb16ac84f7ac08d8529ff68c1d04","58795 13 4 a4959382ab1763506cd5bba874f2715ed0c04af718b24a1055e2552d996e5982689f8cbda7664e6eb01f13769af77f70"],"flags":257,"keytype":"csk"}],"minimum_ttl":3600,"name":"aut-sys.de","published":"2025-10-22T20:48:22Z"},"sensitive_attributes":[],"private":"eyJzY2hlbWFfdmVyc2lvbiI6IjAifQ==","dependencies":["module.desec_domain_config.data.zonefile_record_sets.zone"]}]},{"module":"module.desec_domain_config[\"aut-sys.de.zone\"]","mode":"managed","type":"desec_rrset","name":"records","provider":"provider[\"registry.opentofu.org/valodim/desec\"]","instances":[{"index_key":"* CNAME","schema_version":0,"attributes":{"created":"2025-09-30T17:20:17Z","domain":"aut-sys.de","id":"aut-sys.de/*/CNAME","name":"*.aut-sys.de.","records":["www1.z9.aut-num.de."],"subname":"*","ttl":3600,"type":"CNAME"},"sensitive_attributes":[],"private":"bnVsbA==","dependencies":["module.desec_domain_config.data.zonefile_record_sets.zone","module.desec_domain_config.desec_domain.domain"]},{"index_key":"@ A","schema_version":0,"attributes":{"created":"2025-09-30T17:19:53Z","domain":"aut-sys.de","id":"aut-sys.de/@/A","name":"aut-sys.de.","records":["185.161.130.10"],"subname":"","ttl":3600,"type":"A"},"sensitive_attributes":[],"private":"bnVsbA==","dependencies":["module.desec_domain_config.data.zonefile_record_sets.zone","module.desec_domain_config.desec_domain.domain"]},{"index_key":"@ NS","schema_version":0,"attributes":{"created":"2025-05-31T19:17:26Z","domain":"aut-sys.de","id":"aut-sys.de/@/NS","name":"aut-sys.de.","records":["ns1.desec.io.","ns2.desec.org."],"subname":"","ttl":3600,"type":"NS"},"sensitive_attributes":[],"private":"eyJzY2hlbWFfdmVyc2lvbiI6IjAifQ==","dependencies":["module.desec_domain_config.data.zonefile_record_sets.zone","module.desec_domain_config.desec_domain.domain"]}]},{"module":"module.desec_domain_config[\"babe-do-you-need-anything-from-the-nix.store.zone\"]","mode":"data","type":"zonefile_record_sets","name":"zone","provider":"provider[\"registry.opentofu.org/ahamlinman/zonefile\"]","instances":[{"schema_version":0,"attributes":{"content":"$TTL 3600\n\n; SOA is managed by desec so we skip it\n; @\t300\tIN\tSOA\tget.desec.io. get.desec.io. 2025020703 86400 3600 2419200 3600\n@\t3600\tIN\tNS\tns1.desec.io.\n@\t3600\tIN\tNS\tns2.desec.org.\n\n@    A     185.161.130.11\n;@    AAAA  2a07:c481:2:6::1\n","origin":"babe-do-you-need-anything-from-the-nix.store","rrsets":[{"class":"IN","data":["ns1.desec.io.","ns2.desec.org."],"fqdn":"babe-do-you-need-anything-from-the-nix.store.","mx":null,"name":null,"srv":null,"ttl":3600,"txt":null,"type":"NS"},{"class":"IN","data":["185.161.130.11"],"fqdn":"babe-do-you-need-anything-from-the-nix.store.","mx":null,"name":null,"srv":null,"ttl":3600,"txt":null,"type":"A"}]},"sensitive_attributes":[]}]},{"module":"module.desec_domain_config[\"babe-do-you-need-anything-from-the-nix.store.zone\"]","mode":"managed","type":"desec_domain","name":"domain","provider":"provider[\"registry.opentofu.org/valodim/desec\"]","instances":[{"schema_version":0,"attributes":{"created":"2025-02-07T20:10:40Z","id":"babe-do-you-need-anything-from-the-nix.store","keys":[{"dnskey":"257 3 13 tuNZH7XYZtXdI5SbOkn8s0gOCyF4JzF5uqxuMs7RUv4HjxpjK2DolTzG0NM5xf8MCThz30YBZ26/TBgjuWbx6Q==","ds":["19095 13 2 44920001fea472b6653e3359eb1edc3dc6d2228d6bc207d7702c961e33ff3154","19095 13 4 c862ce770478804ad349be92a98077c85c288bf6c952fa7855ab9e0b6b34506dd664617c0b9ec771cc67f2e05ec958f9"],"flags":257,"keytype":"csk"}],"minimum_ttl":3600,"name":"babe-do-you-need-anything-from-the-nix.store","published":"2026-01-18T21:37:09Z"},"sensitive_attributes":[],"private":"eyJzY2hlbWFfdmVyc2lvbiI6IjAifQ==","dependencies":["module.desec_domain_config.data.zonefile_record_sets.zone"]}]},{"module":"module.desec_domain_config[\"babe-do-you-need-anything-from-the-nix.store.zone\"]","mode":"managed","type":"desec_rrset","name":"records","provider":"provider[\"registry.opentofu.org/valodim/desec\"]","instances":[{"index_key":"@ A","schema_version":0,"attributes":{"created":"2025-06-01T11:43:38Z","domain":"babe-do-you-need-anything-from-the-nix.store","id":"babe-do-you-need-anything-from-the-nix.store/@/A","name":"babe-do-you-need-anything-from-the-nix.store.","records":["185.161.130.11"],"subname":"","ttl":3600,"type":"A"},"sensitive_attributes":[],"private":"bnVsbA==","dependencies":["module.desec_domain_config.data.zonefile_record_sets.zone","module.desec_domain_config.desec_domain.domain"]},{"index_key":"@ NS","schema_version":0,"attributes":{"created":"2025-02-07T20:10:40Z","domain":"babe-do-you-need-anything-from-the-nix.store","id":"babe-do-you-need-anything-from-the-nix.store/@/NS","name":"babe-do-you-need-anything-from-the-nix.store.","records":["ns1.desec.io.","ns2.desec.org."],"subname":"","ttl":3600,"type":"NS"},"sensitive_attributes":[],"private":"eyJzY2hlbWFfdmVyc2lvbiI6IjAifQ==","dependencies":["module.desec_domain_config.data.zonefile_record_sets.zone","module.desec_domain_config.desec_domain.domain"]}]},{"module":"module.desec_domain_config[\"finn-thorben.me.zone\"]","mode":"data","type":"zonefile_record_sets","name":"zone","provider":"provider[\"registry.opentofu.org/ahamlinman/zonefile\"]","instances":[{"schema_version":0,"attributes":{"content":"$TTL 3600\n\n; SOA is managed by desec so we skip it\n; @\t300\tIN\tSOA\tget.desec.io. get.desec.io. 2025020401 86400 3600 2419200 3600\n@\tNS\tns1.desec.io.\n@\tNS\tns2.desec.org.\n\n; redirect everything to my gateway\n@   A     37.153.156.169\n*. CNAME gtw.srv.lly.sh.\n\n; mail\n_dmarc      \tTXT\t\"v=DMARC1; p=reject; ruf=mailto:dmarc-reports@ftsell.de;\"\nmain._domainkey\tTXT\t\"v=DKIM1; h=sha256; k=rsa; p=MIIBIjANBgkqhkiG9w0BAQEFAAOCAQ8AMIIBCgKCAQEA2Aq7HNQZmuk438HUlcYsxkmRuHJOz4ZpPRfIIml6C3Qp5hY5O7l8cSmvhsj1vLoMoPi4CWwHyOVl2hRTMQqsYz+l6ZFAcwI3YBDTD7hjaB3nNjGfOVo1X2Cq7c+sFaeMAZwTqC2R1TusfVb7QBuUTRxVnHStvc7crmOdJb0NCVBZvJ0juYkmXtA\" \"i6S/VhBZxDSpMb69Eef48yeyFEhK5qcRSAA2D/RnaZwY1/RrKS4RpP6YEhkgFkLtgiQuYjslk64zDYiJu3pmIhW1an+qv984C55FowifyGVaLkCkvXrnO/kMMX5Ya05N6RnurVCP9w6Vu2yX8zThY1F8yyro6SwIDAQAB\"\n@\t            TXT\t\"v=spf1 +include:lly.sh -all\"\n@\t            MX\t100 mail.srv.lly.sh.\n@\t            MX\t200 mxext1.mailbox.org.\n@               MX\t200 mxext2.mailbox.org.\n@           \tMX\t210 mxext3.mailbox.org.\n","origin":"finn-thorben.me","rrsets":[{"class":"IN","data":["ns1.desec.io.","ns2.desec.org."],"fqdn":"finn-thorben.me.","mx":null,"name":null,"srv":null,"ttl":3600,"txt":null,"type":"NS"},{"class":"IN","data":["37.153.156.169"],"fqdn":"finn-thorben.me.","mx":null,"name":null,"srv":null,"ttl":3600,"txt":null,"type":"A"},{"class":"IN","data":["gtw.srv.lly.sh."],"fqdn":"*.","mx":null,"name":"*","srv":null,"ttl":3600,"txt":null,"type":"CNAME"},{"class":"IN","data":["\"v=DMARC1; p=reject; ruf=mailto:dmarc-reports@ftsell.de;\""],"fqdn":"_dmarc.finn-thorben.me.","mx":null,"name":"_dmarc","srv":null,"ttl":3600,"txt":["v=DMARC1; p=reject; ruf=mailto:dmarc-reports@ftsell.de;"],"type":"TXT"},{"class":"IN","data":["\"v=DKIM1; h=sha256; k=rsa; p=MIIBIjANBgkqhkiG9w0BAQEFAAOCAQ8AMIIBCgKCAQEA2Aq7HNQZmuk438HUlcYsxkmRuHJOz4ZpPRfIIml6C3Qp5hY5O7l8cSmvhsj1vLoMoPi4CWwHyOVl2hRTMQqsYz+l6ZFAcwI3YBDTD7hjaB3nNjGfOVo1X2Cq7c+sFaeMAZwTqC2R1TusfVb7QBuUTRxVnHStvc7crmOdJb0NCVBZvJ0juYkmXtA\" \"i6S/VhBZxDSpMb69Eef48yeyFEhK5qcRSAA2D/RnaZwY1/RrKS4RpP6YEhkgFkLtgiQuYjslk64zDYiJu3pmIhW1an+qv984C55FowifyGVaLkCkvXrnO/kMMX5Ya05N6RnurVCP9w6Vu2yX8zThY1F8yyro6SwIDAQAB\""],"fqdn":"main._domainkey.finn-thorben.me.","mx":null,"name":"main._domainkey","srv":null,"ttl":3600,"txt":["v=DKIM1; h=sha256; k=rsa; p=MIIBIjANBgkqhkiG9w0BAQEFAAOCAQ8AMIIBCgKCAQEA2Aq7HNQZmuk438HUlcYsxkmRuHJOz4ZpPRfIIml6C3Qp5hY5O7l8cSmvhsj1vLoMoPi4CWwHyOVl2hRTMQqsYz+l6ZFAcwI3YBDTD7hjaB3nNjGfOVo1X2Cq7c+sFaeMAZwTqC2R1TusfVb7QBuUTRxVnHStvc7crmOdJb0NCVBZvJ0juYkmXtAi6S/VhBZxDSpMb69Eef48yeyFEhK5qcRSAA2D/RnaZwY1/RrKS4RpP6YEhkgFkLtgiQuYjslk64zDYiJu3pmIhW1an+qv984C55FowifyGVaLkCkvXrnO/kMMX5Ya05N6RnurVCP9w6Vu2yX8zThY1F8yyro6SwIDAQAB"],"type":"TXT"},{"class":"IN","data":["\"v=spf1 +include:lly.sh -all\""],"fqdn":"finn-thorben.me.","mx":null,"name":null,"srv":null,"ttl":3600,"txt":["v=spf1 +include:lly.sh -all"],"type":"TXT"},{"class":"IN","data":["100 mail.srv.lly.sh.","200 mxext1.mailbox.org.","200 mxext2.mailbox.org.","210 mxext3.mailbox.org."],"fqdn":"finn-thorben.me.","mx":[{"exchange":"mail.srv.lly.sh.","preference":100},{"exchange":"mxext1.mailbox.org.","preference":200},{"exchange":"mxext2.mailbox.org.","preference":200},{"exchange":"mxext3.mailbox.org.","preference":210}],"name":null,"srv":null,"ttl":3600,"txt":null,"type":"MX"}]},"sensitive_attributes":[]}]},{"module":"module.desec_domain_config[\"finn-thorben.me.zone\"]","mode":"managed","type":"desec_domain","name":"domain","provider":"provider[\"registry.opentofu.org/valodim/desec\"]","instances":[{"schema_version":0,"attributes":{"created":"2025-01-29T14:01:00Z","id":"finn-thorben.me","keys":[{"dnskey":"257 3 13 MUs2qXTlN3WXA6kPA/IAvJJ8jrOB8LA8SUy9cw5MQwYloI4a7stvsWI9hMpnAEFadMKDIiywn4AKQohjpvWCog==","ds":["10876 13 2 6d810840752b542d8580bd5de101a586482b1ae976d3c39a63ff5bae6d81643e","10876 13 4 1db66d966c01f4823b17d701f26f76a4c2f59b0fb44f38857cb1c13f1e6f8ac64296b2d3d45afd5265e850bb3736ad60"],"flags":257,"keytype":"csk"}],"minimum_ttl":3600,"name":"finn-thorben.me","published":"2025-06-15T18:03:58Z"},"sensitive_attributes":[],"private":"eyJzY2hlbWFfdmVyc2lvbiI6IjAifQ==","dependencies":["module.desec_domain_config.data.zonefile_record_sets.zone"]}]},{"module":"module.desec_domain_config[\"finn-thorben.me.zone\"]","mode":"managed","type":"desec_rrset","name":"records","provider":"provider[\"registry.opentofu.org/valodim/desec\"]","instances":[{"index_key":"* CNAME","schema_version":0,"attributes":{"created":"2025-06-15T17:57:10Z","domain":"finn-thorben.me","id":"finn-thorben.me/*/CNAME","name":"*.finn-thorben.me.","records":["gtw.srv.lly.sh."],"subname":"*","ttl":3600,"type":"CNAME"},"sensitive_attributes":[],"private":"bnVsbA==","dependencies":["module.desec_domain_config.data.zonefile_record_sets.zone","module.desec_domain_config.desec_domain.domain"]},{"index_key":"@ A","schema_version":0,"attributes":{"created":"2025-06-15T17:55:52Z","domain":"finn-thorben.me","id":"finn-thorben.me/@/A","name":"finn-thorben.me.","records":["37.153.156.169"],"subname":"","ttl":3600,"type":"A"},"sensitive_attributes":[],"private":"bnVsbA==","dependencies":["module.desec_domain_config.data.zonefile_record_sets.zone","module.desec_domain_config.desec_domain.domain"]},{"index_key":"@ MX","schema_version":0,"attributes":{"created":"2025-06-15T17:55:48Z","domain":"finn-thorben.me","id":"finn-thorben.me/@/MX","name":"finn-thorben.me.","records":["100 mail.srv.lly.sh.","200 mxext1.mailbox.org.","200 mxext2.mailbox.org.","210 mxext3.mailbox.org."],"subname":"","ttl":3600,"type":"MX"},"sensitive_attributes":[],"private":"bnVsbA==","dependencies":["module.desec_domain_config.data.zonefile_record_sets.zone","module.desec_domain_config.desec_domain.domain"]},{"index_key":"@ NS","schema_version":0,"attributes":{"created":"2025-01-29T14:01:01Z","domain":"finn-thorben.me","id":"finn-thorben.me/@/NS","name":"finn-thorben.me.","records":["ns1.desec.io.","ns2.desec.org."],"subname":"","ttl":3600,"type":"NS"},"sensitive_attributes":[],"private":"eyJzY2hlbWFfdmVyc2lvbiI6IjAifQ==","dependencies":["module.desec_domain_config.data.zonefile_record_sets.zone","module.desec_domain_config.desec_domain.domain"]},{"index_key":"@ TXT","schema_version":0,"attributes":{"created":"2025-06-15T17:55:50Z","domain":"finn-thorben.me","id":"finn-thorben.me/@/TXT","name":"finn-thorben.me.","records":["v=spf1 +include:lly.sh -all"],"subname":"","ttl":3600,"type":"TXT"},"sensitive_attributes":[],"private":"bnVsbA==","dependencies":["module.desec_domain_config.data.zonefile_record_sets.zone","module.desec_domain_config.desec_domain.domain"]},{"index_key":"_dmarc TXT","schema_version":0,"attributes":{"created":"2025-06-15T17:55:50Z","domain":"finn-thorben.me","id":"finn-thorben.me/_dmarc/TXT","name":"_dmarc.finn-thorben.me.","records":["v=DMARC1; p=reject; ruf=mailto:dmarc-reports@ftsell.de;"],"subname":"_dmarc","ttl":3600,"type":"TXT"},"sensitive_attributes":[],"private":"bnVsbA==","dependencies":["module.desec_domain_config.data.zonefile_record_sets.zone","module.desec_domain_config.desec_domain.domain"]},{"index_key":"main._domainkey TXT","schema_version":0,"attributes":{"created":"2025-06-15T17:55:51Z","domain":"finn-thorben.me","id":"finn-thorben.me/main._domainkey/TXT","name":"main._domainkey.finn-thorben.me.","records":["v=DKIM1; h=sha256; k=rsa; p=MIIBIjANBgkqhkiG9w0BAQEFAAOCAQ8AMIIBCgKCAQEA2Aq7HNQZmuk438HUlcYsxkmRuHJOz4ZpPRfIIml6C3Qp5hY5O7l8cSmvhsj1vLoMoPi4CWwHyOVl2hRTMQqsYz+l6ZFAcwI3YBDTD7hjaB3nNjGfOVo1X2Cq7c+sFaeMAZwTqC2R1TusfVb7QBuUTRxVnHStvc7crmOdJb0NCVBZvJ0juYkmXtAi6S/VhBZxDSpMb69Eef48yeyFEhK5qcRSAA2D/RnaZwY1/RrKS4RpP6YEhkgFkLtgiQuYjslk64zDYiJu3pmIhW1an+qv984C55FowifyGVaLkCkvXrnO/kMMX5Ya05N6RnurVCP9w6Vu2yX8zThY1F8yyro6SwIDAQAB"],"subname":"main._domainkey","ttl":3600,"type":"TXT"},"sensitive_attributes":[],"private":"bnVsbA==","dependencies":["module.desec_domain_config.data.zonefile_record_sets.zone","module.desec_domain_config.desec_domain.domain"]}]},{"module":"module.desec_domain_config[\"ftsell.de.zone\"]","mode":"data","type":"zonefile_record_sets","name":"zone","provider":"provider[\"registry.opentofu.org/ahamlinman/zonefile\"]","instances":[{"schema_version":0,"attributes":{"content":"$TTL 3600\n\n; SOA is managed by desec so we skip it\n; @\t300\tIN\tSOA\tget.desec.io. get.desec.io. 2025020401 86400 3600 2419200 3600\n@\tNS\tns1.desec.io.\n@\tNS\tns2.desec.org.\n\n; redirect everything to my gateway\n@   A     185.161.130.10\n@   AAAA  2a07:c481:2:6::\n*.  CNAME gtw.srv.lly.sh.\n\n; mail\n_dmarc      \tTXT\t\"v=DMARC1; p=reject; ruf=mailto:dmarc-reports@ftsell.de;\"\nmain._domainkey\tTXT\t\"v=DKIM1; h=sha256; k=rsa; p=MIIBIjANBgkqhkiG9w0BAQEFAAOCAQ8AMIIBCgKCAQEA2Aq7HNQZmuk438HUlcYsxkmRuHJOz4ZpPRfIIml6C3Qp5hY5O7l8cSmvhsj1vLoMoPi4CWwHyOVl2hRTMQqsYz+l6ZFAcwI3YBDTD7hjaB3nNjGfOVo1X2Cq7c+sFaeMAZwTqC2R1TusfVb7QBuUTRxVnHStvc7crmOdJb0NCVBZvJ0juYkmXtA\" \"i6S/VhBZxDSpMb69Eef48yeyFEhK5qcRSAA2D/RnaZwY1/RrKS4RpP6YEhkgFkLtgiQuYjslk64zDYiJu3pmIhW1an+qv984C55FowifyGVaLkCkvXrnO/kMMX5Ya05N6RnurVCP9w6Vu2yX8zThY1F8yyro6SwIDAQAB\"\n@\t            TXT\t\"v=spf1 +include:lly.sh -all\"\n@\t            MX\t100 mail.srv.lly.sh.\n@\t            MX\t200 mxext1.mailbox.org.\n@               MX\t200 mxext2.mailbox.org.\n@           \tMX\t210 mxext3.mailbox.org.\n\n; legacy mail names (still used by other people)\nmail            CNAME    mail.srv.lly.sh.\nmail.srv        CNAME    mail.srv.lly.sh.\n","origin":"ftsell.de","rrsets":[{"class":"IN","data":["ns1.desec.io.","ns2.desec.org."],"fqdn":"ftsell.de.","mx":null,"name":null,"srv":null,"ttl":3600,"txt":null,"type":"NS"},{"class":"IN","data":["185.161.130.10"],"fqdn":"ftsell.de.","mx":null,"name":null,"srv":null,"ttl":3600,"txt":null,"type":"A"},{"class":"IN","data":["2a07:c481:2:6::"],"fqdn":"ftsell.de.","mx":null,"name":null,"srv":null,"ttl":3600,"txt":null,"type":"AAAA"},{"class":"IN","data":["gtw.srv.lly.sh."],"fqdn":"*.","mx":null,"name":"*","srv":null,"ttl":3600,"txt":null,"type":"CNAME"},{"class":"IN","data":["\"v=DMARC1; p=reject; ruf=mailto:dmarc-reports@ftsell.de;\""],"fqdn":"_dmarc.ftsell.de.","mx":null,"name":"_dmarc","srv":null,"ttl":3600,"txt":["v=DMARC1; p=reject; ruf=mailto:dmarc-reports@ftsell.de;"],"type":"TXT"},{"class":"IN","data":["\"v=DKIM1; h=sha256; k=rsa; p=MIIBIjANBgkqhkiG9w0BAQEFAAOCAQ8AMIIBCgKCAQEA2Aq7HNQZmuk438HUlcYsxkmRuHJOz4ZpPRfIIml6C3Qp5hY5O7l8cSmvhsj1vLoMoPi4CWwHyOVl2hRTMQqsYz+l6ZFAcwI3YBDTD7hjaB3nNjGfOVo1X2Cq7c+sFaeMAZwTqC2R1TusfVb7QBuUTRxVnHStvc7crmOdJb0NCVBZvJ0juYkmXtA\" \"i6S/VhBZxDSpMb69Eef48yeyFEhK5qcRSAA2D/RnaZwY1/RrKS4RpP6YEhkgFkLtgiQuYjslk64zDYiJu3pmIhW1an+qv984C55FowifyGVaLkCkvXrnO/kMMX5Ya05N6RnurVCP9w6Vu2yX8zThY1F8yyro6SwIDAQAB\""],"fqdn":"main._domainkey.ftsell.de.","mx":null,"name":"main._domainkey","srv":null,"ttl":3600,"txt":["v=DKIM1; h=sha256; k=rsa; p=MIIBIjANBgkqhkiG9w0BAQEFAAOCAQ8AMIIBCgKCAQEA2Aq7HNQZmuk438HUlcYsxkmRuHJOz4ZpPRfIIml6C3Qp5hY5O7l8cSmvhsj1vLoMoPi4CWwHyOVl2hRTMQqsYz+l6ZFAcwI3YBDTD7hjaB3nNjGfOVo1X2Cq7c+sFaeMAZwTqC2R1TusfVb7QBuUTRxVnHStvc7crmOdJb0NCVBZvJ0juYkmXtAi6S/VhBZxDSpMb69Eef48yeyFEhK5qcRSAA2D/RnaZwY1/RrKS4RpP6YEhkgFkLtgiQuYjslk64zDYiJu3pmIhW1an+qv984C55FowifyGVaLkCkvXrnO/kMMX5Ya05N6RnurVCP9w6Vu2yX8zThY1F8yyro6SwIDAQAB"],"type":"TXT"},{"class":"IN","data":["\"v=spf1 +include:lly.sh -all\""],"fqdn":"ftsell.de.","mx":null,"name":null,"srv":null,"ttl":3600,"txt":["v=spf1 +include:lly.sh -all"],"type":"TXT"},{"class":"IN","data":["100 mail.srv.lly.sh.","200 mxext1.mailbox.org.","200 mxext2.mailbox.org.","210 mxext3.mailbox.org."],"fqdn":"ftsell.de.","mx":[{"exchange":"mail.srv.lly.sh.","preference":100},{"exchange":"mxext1.mailbox.org.","preference":200},{"exchange":"mxext2.mailbox.org.","preference":200},{"exchange":"mxext3.mailbox.org.","preference":210}],"name":null,"srv":null,"ttl":3600,"txt":null,"type":"MX"},{"class":"IN","data":["mail.srv.lly.sh."],"fqdn":"mail.ftsell.de.","mx":null,"name":"mail","srv":null,"ttl":3600,"txt":null,"type":"CNAME"},{"class":"IN","data":["mail.srv.lly.sh."],"fqdn":"mail.srv.ftsell.de.","mx":null,"name":"mail.srv","srv":null,"ttl":3600,"txt":null,"type":"CNAME"}]},"sensitive_attributes":[]}]},{"module":"module.desec_domain_config[\"ftsell.de.zone\"]","mode":"managed","type":"desec_domain","name":"domain","provider":"provider[\"registry.opentofu.org/valodim/desec\"]","instances":[{"schema_version":0,"attributes":{"created":"2025-01-29T13:55:36Z","id":"ftsell.de","keys":[{"dnskey":"257 3 13 0Cg5cP3kTPyZpE4qQ5atuWGECc0ItR433NQJs8dWcVtqIoDPExygd0x04ERZc/FmPK2wU9SNWCFRKk2aL73H3w==","ds":["43337 13 2 66d101601f3ccbe57de4df241f61d8693b294b30d6beda915b4f91c6ffc27e98","43337 13 4 1af9ea8834bd6e508b37562bf534a9378d55ace747fb60de3982644c7895ffc3e5100e54158c9ab1531d025a7bfbb36b"],"flags":257,"keytype":"csk"}],"minimum_ttl":3600,"name":"ftsell.de","published":"2025-10-17T10:12:52Z"},"sensitive_attributes":[],"private":"eyJzY2hlbWFfdmVyc2lvbiI6IjAifQ==","dependencies":["module.desec_domain_config.data.zonefile_record_sets.zone"]}]},{"module":"module.desec_domain_config[\"ftsell.de.zone\"]","mode":"managed","type":"desec_rrset","name":"records","provider":"provider[\"registry.opentofu.org/valodim/desec\"]","instances":[{"index_key":"* CNAME","schema_version":0,"attributes":{"created":"2025-06-15T17:57:10Z","domain":"ftsell.de","id":"ftsell.de/*/CNAME","name":"*.ftsell.de.","records":["gtw.srv.lly.sh."],"subname":"*","ttl":3600,"type":"CNAME"},"sensitive_attributes":[],"private":"bnVsbA==","dependencies":["module.desec_domain_config.data.zonefile_record_sets.zone","module.desec_domain_config.desec_domain.domain"]},{"index_key":"@ A","schema_version":0,"attributes":{"created":"2025-06-15T17:55:50Z","domain":"ftsell.de","id":"ftsell.de/@/A","name":"ftsell.de.","records":["185.161.130.10"],"subname":"","ttl":3600,"type":"A"},"sensitive_attributes":[],"private":"bnVsbA==","dependencies":["module.desec_domain_config.data.zonefile_record_sets.zone","module.desec_domain_config.desec_domain.domain"]},{"index_key":"@ AAAA","schema_version":0,"attributes":{"created":"2025-10-17T10:12:03Z","domain":"ftsell.de","id":"ftsell.de/@/AAAA","name":"ftsell.de.","records":["2a07:c481:2:6::"],"subname":"","ttl":3600,"type":"AAAA"},"sensitive_attributes":[],"private":"eyJzY2hlbWFfdmVyc2lvbiI6IjAifQ==","dependencies":["module.desec_domain_config.data.zonefile_record_sets.zone","module.desec_domain_config.desec_domain.domain"]},{"index_key":"@ MX","schema_version":0,"attributes":{"created":"2025-06-15T17:55:50Z","domain":"ftsell.de","id":"ftsell.de/@/MX","name":"ftsell.de.","records":["100 mail.srv.lly.sh.","200 mxext1.mailbox.org.","200 mxext2.mailbox.org.","210 mxext3.mailbox.org."],"subname":"","ttl":3600,"type":"MX"},"sensitive_attributes":[],"private":"bnVsbA==","dependencies":["module.desec_domain_config.data.zonefile_record_sets.zone","module.desec_domain_config.desec_domain.domain"]},{"index_key":"@ NS","schema_version":0,"attributes":{"created":"2025-01-29T13:55:37Z","domain":"ftsell.de","id":"ftsell.de/@/NS","name":"ftsell.de.","records":["ns1.desec.io.","ns2.desec.org."],"subname":"","ttl":3600,"type":"NS"},"sensitive_attributes":[],"private":"eyJzY2hlbWFfdmVyc2lvbiI6IjAifQ==","dependencies":["module.desec_domain_config.data.zonefile_record_sets.zone","module.desec_domain_config.desec_domain.domain"]},{"index_key":"@ TXT","schema_version":0,"attributes":{"created":"2025-06-15T17:55:48Z","domain":"ftsell.de","id":"ftsell.de/@/TXT","name":"ftsell.de.","records":["v=spf1 +include:lly.sh -all"],"subname":"","ttl":3600,"type":"TXT"},"sensitive_attributes":[],"private":"bnVsbA==","dependencies":["module.desec_domain_config.data.zonefile_record_sets.zone","module.desec_domain_config.desec_domain.domain"]},{"index_key":"_dmarc TXT","schema_version":0,"attributes":{"created":"2025-06-15T17:55:52Z","domain":"ftsell.de","id":"ftsell.de/_dmarc/TXT","name":"_dmarc.ftsell.de.","records":["v=DMARC1; p=reject; ruf=mailto:dmarc-reports@ftsell.de;"],"subname":"_dmarc","ttl":3600,"type":"TXT"},"sensitive_attributes":[],"private":"bnVsbA==","dependencies":["module.desec_domain_config.data.zonefile_record_sets.zone","module.desec_domain_config.desec_domain.domain"]},{"index_key":"mail CNAME","schema_version":0,"attributes":{"created":"2025-06-25T20:01:21Z","domain":"ftsell.de","id":"ftsell.de/mail/CNAME","name":"mail.ftsell.de.","records":["mail.srv.lly.sh."],"subname":"mail","ttl":3600,"type":"CNAME"},"sensitive_attributes":[],"private":"bnVsbA==","dependencies":["module.desec_domain_config.data.zonefile_record_sets.zone","module.desec_domain_config.desec_domain.domain"]},{"index_key":"mail.srv CNAME","schema_version":0,"attributes":{"created":"2025-06-25T20:01:21Z","domain":"ftsell.de","id":"ftsell.de/mail.srv/CNAME","name":"mail.srv.ftsell.de.","records":["mail.srv.lly.sh."],"subname":"mail.srv","ttl":3600,"type":"CNAME"},"sensitive_attributes":[],"private":"bnVsbA==","dependencies":["module.desec_domain_config.data.zonefile_record_sets.zone","module.desec_domain_config.desec_domain.domain"]},{"index_key":"main._domainkey TXT","schema_version":0,"attributes":{"created":"2025-06-15T17:55:51Z","domain":"ftsell.de","id":"ftsell.de/main._domainkey/TXT","name":"main._domainkey.ftsell.de.","records":["v=DKIM1; h=sha256; k=rsa; p=MIIBIjANBgkqhkiG9w0BAQEFAAOCAQ8AMIIBCgKCAQEA2Aq7HNQZmuk438HUlcYsxkmRuHJOz4ZpPRfIIml6C3Qp5hY5O7l8cSmvhsj1vLoMoPi4CWwHyOVl2hRTMQqsYz+l6ZFAcwI3YBDTD7hjaB3nNjGfOVo1X2Cq7c+sFaeMAZwTqC2R1TusfVb7QBuUTRxVnHStvc7crmOdJb0NCVBZvJ0juYkmXtAi6S/VhBZxDSpMb69Eef48yeyFEhK5qcRSAA2D/RnaZwY1/RrKS4RpP6YEhkgFkLtgiQuYjslk64zDYiJu3pmIhW1an+qv984C55FowifyGVaLkCkvXrnO/kMMX5Ya05N6RnurVCP9w6Vu2yX8zThY1F8yyro6SwIDAQAB"],"subname":"main._domainkey","ttl":3600,"type":"TXT"},"sensitive_attributes":[],"private":"bnVsbA==","dependencies":["module.desec_domain_config.data.zonefile_record_sets.zone","module.desec_domain_config.desec_domain.domain"]}]},{"module":"module.desec_domain_config[\"lly.sh.zone\"]","mode":"data","type":"zonefile_record_sets","name":"zone","provider":"provider[\"registry.opentofu.org/ahamlinman/zonefile\"]","instances":[{"schema_version":0,"attributes":{"content":"$TTL 3600\n\n; SOA is managed by desec so we skip it\nlly.sh.\t3600\tIN\tNS\tns1.desec.io.\nlly.sh.\t3600\tIN\tNS\tns2.desec.org.\n\n; generic\n@\t        A\t    185.161.130.10\n@           AAAA    2a07:c481:2:6::\n*\t        CNAME\tgtw.srv.lly.sh.\ngtw.srv     CNAME\tvps0.hosting.srv.lly.sh.\n\n; mail\nmail        \tCNAME\tmail.srv.lly.sh.\n*.mail\t        CNAME\tmail.srv.lly.sh.\n_dmarc      \tTXT\t\"v=DMARC1; p=reject; ruf=mailto:dmarc-reports@ftsell.de;\"\nmain._domainkey\tTXT\t\"v=DKIM1; h=sha256; k=rsa; p=MIIBIjANBgkqhkiG9w0BAQEFAAOCAQ8AMIIBCgKCAQEA2Aq7HNQZmuk438HUlcYsxkmRuHJOz4ZpPRfIIml6C3Qp5hY5O7l8cSmvhsj1vLoMoPi4CWwHyOVl2hRTMQqsYz+l6ZFAcwI3YBDTD7hjaB3nNjGfOVo1X2Cq7c+sFaeMAZwTqC2R1TusfVb7QBuUTRxVnHStvc7crmOdJb0NCVBZvJ0juYkmXtA\" \"i6S/VhBZxDSpMb69Eef48yeyFEhK5qcRSAA2D/RnaZwY1/RrKS4RpP6YEhkgFkLtgiQuYjslk64zDYiJu3pmIhW1an+qv984C55FowifyGVaLkCkvXrnO/kMMX5Ya05N6RnurVCP9w6Vu2yX8zThY1F8yyro6SwIDAQAB\"\n@\t            TXT\t\"v=spf1 +a:mail.srv.lly.sh +include:mailbox.org -all\"\n@\t            MX\t100 mail.srv.lly.sh.\n@\t            MX\t200 mxext1.mailbox.org.\n@               MX\t200 mxext2.mailbox.org.\n@           \tMX\t210 mxext3.mailbox.org.\n\n; hosted by ole\n*.home.lly.sh.\t    CNAME\thome.lly.sh.\naudiobooks.lly.sh.\tCNAME\th.oleb.it.\nmedia.lly.sh.\t    CNAME\th.oleb.it.\n\n; hosts\nrt-hosting.srv\t\tA\t37.153.156.168\nhosting.srv\t    \tA\t37.153.156.125\nmail.srv            A\t37.153.156.170\nvps0.hosting.srv\tA\t37.153.156.169\nvps1.hosting.srv\tA\t37.153.156.171\nvps2.hosting.srv\tA\t37.153.156.172\nvps3.hosting.srv\tA\t37.153.156.173\nvps4.hosting.srv\tA\t37.153.156.174\nvps5.hosting.srv\tA\t37.153.156.175\nvps6.hosting.srv\tA\t37.153.156.176\n\nrt-hosting.srv\t    AAAA\t2a10:9906:1002:0:125::126\nhosting.srv\t    \tAAAA\t2a10:9906:1002:0:125::125\nmail.srv            AAAA\t2a10:9902:111:10:be24:11ff:fe6d:821e\n","origin":"lly.sh","rrsets":[{"class":"IN","data":["ns1.desec.io.","ns2.desec.org."],"fqdn":"lly.sh.","mx":null,"name":null,"srv":null,"ttl":3600,"txt":null,"type":"NS"},{"class":"IN","data":["185.161.130.10"],"fqdn":"lly.sh.","mx":null,"name":null,"srv":null,"ttl":3600,"txt":null,"type":"A"},{"class":"IN","data":["2a07:c481:2:6::"],"fqdn":"lly.sh.","mx":null,"name":null,"srv":null,"ttl":3600,"txt":null,"type":"AAAA"},{"class":"IN","data":["gtw.srv.lly.sh."],"fqdn":"*.lly.sh.","mx":null,"name":"*","srv":null,"ttl":3600,"txt":null,"type":"CNAME"},{"class":"IN","data":["vps0.hosting.srv.lly.sh."],"fqdn":"gtw.srv.lly.sh.","mx":null,"name":"gtw.srv","srv":null,"ttl":3600,"txt":null,"type":"CNAME"},{"class":"IN","data":["mail.srv.lly.sh."],"fqdn":"mail.lly.sh.","mx":null,"name":"mail","srv":null,"ttl":3600,"txt":null,"type":"CNAME"},{"class":"IN","data":["mail.srv.lly.sh."],"fqdn":"*.mail.lly.sh.","mx":null,"name":"*.mail","srv":null,"ttl":3600,"txt":null,"type":"CNAME"},{"class":"IN","data":["\"v=DMARC1; p=reject; ruf=mailto:dmarc-reports@ftsell.de;\""],"fqdn":"_dmarc.lly.sh.","mx":null,"name":"_dmarc","srv":null,"ttl":3600,"txt":["v=DMARC1; p=reject; ruf=mailto:dmarc-reports@ftsell.de;"],"type":"TXT"},{"class":"IN","data":["\"v=DKIM1; h=sha256; k=rsa; p=MIIBIjANBgkqhkiG9w0BAQEFAAOCAQ8AMIIBCgKCAQEA2Aq7HNQZmuk438HUlcYsxkmRuHJOz4ZpPRfIIml6C3Qp5hY5O7l8cSmvhsj1vLoMoPi4CWwHyOVl2hRTMQqsYz+l6ZFAcwI3YBDTD7hjaB3nNjGfOVo1X2Cq7c+sFaeMAZwTqC2R1TusfVb7QBuUTRxVnHStvc7crmOdJb0NCVBZvJ0juYkmXtA\" \"i6S/VhBZxDSpMb69Eef48yeyFEhK5qcRSAA2D/RnaZwY1/RrKS4RpP6YEhkgFkLtgiQuYjslk64zDYiJu3pmIhW1an+qv984C55FowifyGVaLkCkvXrnO/kMMX5Ya05N6RnurVCP9w6Vu2yX8zThY1F8yyro6SwIDAQAB\""],"fqdn":"main._domainkey.lly.sh.","mx":null,"name":"main._domainkey","srv":null,"ttl":3600,"txt":["v=DKIM1; h=sha256; k=rsa; p=MIIBIjANBgkqhkiG9w0BAQEFAAOCAQ8AMIIBCgKCAQEA2Aq7HNQZmuk438HUlcYsxkmRuHJOz4ZpPRfIIml6C3Qp5hY5O7l8cSmvhsj1vLoMoPi4CWwHyOVl2hRTMQqsYz+l6ZFAcwI3YBDTD7hjaB3nNjGfOVo1X2Cq7c+sFaeMAZwTqC2R1TusfVb7QBuUTRxVnHStvc7crmOdJb0NCVBZvJ0juYkmXtAi6S/VhBZxDSpMb69Eef48yeyFEhK5qcRSAA2D/RnaZwY1/RrKS4RpP6YEhkgFkLtgiQuYjslk64zDYiJu3pmIhW1an+qv984C55FowifyGVaLkCkvXrnO/kMMX5Ya05N6RnurVCP9w6Vu2yX8zThY1F8yyro6SwIDAQAB"],"type":"TXT"},{"class":"IN","data":["\"v=spf1 +a:mail.srv.lly.sh +include:mailbox.org -all\""],"fqdn":"lly.sh.","mx":null,"name":null,"srv":null,"ttl":3600,"txt":["v=spf1 +a:mail.srv.lly.sh +include:mailbox.org -all"],"type":"TXT"},{"class":"IN","data":["100 mail.srv.lly.sh.","200 mxext1.mailbox.org.","200 mxext2.mailbox.org.","210 mxext3.mailbox.org."],"fqdn":"lly.sh.","mx":[{"exchange":"mail.srv.lly.sh.","preference":100},{"exchange":"mxext1.mailbox.org.","preference":200},{"exchange":"mxext2.mailbox.org.","preference":200},{"exchange":"mxext3.mailbox.org.","preference":210}],"name":null,"srv":null,"ttl":3600,"txt":null,"type":"MX"},{"class":"IN","data":["home.lly.sh."],"fqdn":"*.home.lly.sh.","mx":null,"name":"*.home","srv":null,"ttl":3600,"txt":null,"type":"CNAME"},{"class":"IN","data":["h.oleb.it."],"fqdn":"audiobooks.lly.sh.","mx":null,"name":"audiobooks","srv":null,"ttl":3600,"txt":null,"type":"CNAME"},{"class":"IN","data":["h.oleb.it."],"fqdn":"media.lly.sh.","mx":null,"name":"media","srv":null,"ttl":3600,"txt":null,"type":"CNAME"},{"class":"IN","data":["37.153.156.168"],"fqdn":"rt-hosting.srv.lly.sh.","mx":null,"name":"rt-hosting.srv","srv":null,"ttl":3600,"txt":null,"type":"A"},{"class":"IN","data":["37.153.156.125"],"fqdn":"hosting.srv.lly.sh.","mx":null,"name":"hosting.srv","srv":null,"ttl":3600,"txt":null,"type":"A"},{"class":"IN","data":["37.153.156.170"],"fqdn":"mail.srv.lly.sh.","mx":null,"name":"mail.srv","srv":null,"ttl":3600,"txt":null,"type":"A"},{"class":"IN","data":["37.153.156.169"],"fqdn":"vps0.hosting.srv.lly.sh.","mx":null,"name":"vps0.hosting.srv","srv":null,"ttl":3600,"txt":null,"type":"A"},{"class":"IN","data":["37.153.156.171"],"fqdn":"vps1.hosting.srv.lly.sh.","mx":null,"name":"vps1.hosting.srv","srv":null,"ttl":3600,"txt":null,"type":"A"},{"class":"IN","data":["37.153.156.172"],"fqdn":"vps2.hosting.srv.lly.sh.","mx":null,"name":"vps2.hosting.srv","srv":null,"ttl":3600,"txt":null,"type":"A"},{"class":"IN","data":["37.153.156.173"],"fqdn":"vps3.hosting.srv.lly.sh.","mx":null,"name":"vps3.hosting.srv","srv":null,"ttl":3600,"txt":null,"type":"A"},{"class":"IN","data":["37.153.156.174"],"fqdn":"vps4.hosting.srv.lly.sh.","mx":null,"name":"vps4.hosting.srv","srv":null,"ttl":3600,"txt":null,"type":"A"},{"class":"IN","data":["37.153.156.175"],"fqdn":"vps5.hosting.srv.lly.sh.","mx":null,"name":"vps5.hosting.srv","srv":null,"ttl":3600,"txt":null,"type":"A"},{"class":"IN","data":["37.153.156.176"],"fqdn":"vps6.hosting.srv.lly.sh.","mx":null,"name":"vps6.hosting.srv","srv":null,"ttl":3600,"txt":null,"type":"A"},{"class":"IN","data":["2a10:9906:1002:0:125::126"],"fqdn":"rt-hosting.srv.lly.sh.","mx":null,"name":"rt-hosting.srv","srv":null,"ttl":3600,"txt":null,"type":"AAAA"},{"class":"IN","data":["2a10:9906:1002:0:125::125"],"fqdn":"hosting.srv.lly.sh.","mx":null,"name":"hosting.srv","srv":null,"ttl":3600,"txt":null,"type":"AAAA"},{"class":"IN","data":["2a10:9902:111:10:be24:11ff:fe6d:821e"],"fqdn":"mail.srv.lly.sh.","mx":null,"name":"mail.srv","srv":null,"ttl":3600,"txt":null,"type":"AAAA"}]},"sensitive_attributes":[]}]},{"module":"module.desec_domain_config[\"lly.sh.zone\"]","mode":"managed","type":"desec_domain","name":"domain","provider":"provider[\"registry.opentofu.org/valodim/desec\"]","instances":[{"schema_version":0,"attributes":{"created":"2024-10-11T14:07:24Z","id":"lly.sh","keys":[{"dnskey":"257 3 13 jRgISdzvsyYTOl68Isg2oc3t9ueLzCvL4CeN8SjYGOGHQSHCsi/+ez4MY1mGAW9yz8ykryKzcx+xX2rCmC2mvQ==","ds":["30475 13 2 5fca13ec7f6a2df8c115f0fe4ac3f50914c30c928fbadb679348e7ba22d7cc02","30475 13 4 c61f8749f6d8dd58c87bfd3758ada078ff16cfa2ef940612069941c858fd7ebec6df1d97f7ed203b49c66aab5d4f4e8d"],"flags":257,"keytype":"csk"}],"minimum_ttl":3600,"name":"lly.sh","published":"2026-01-17T18:02:19Z"},"sensitive_attributes":[],"private":"eyJzY2hlbWFfdmVyc2lvbiI6IjAifQ==","dependencies":["module.desec_domain_config.data.zonefile_record_sets.zone"]}]},{"module":"module.desec_domain_config[\"lly.sh.zone\"]","mode":"managed","type":"desec_rrset","name":"records","provider":"provider[\"registry.opentofu.org/valodim/desec\"]","instances":[{"index_key":"* CNAME","schema_version":0,"attributes":{"created":"2025-05-31T20:41:14Z","domain":"lly.sh","id":"lly.sh/*/CNAME","name":"*.lly.sh.","records":["gtw.srv.lly.sh."],"subname":"*","ttl":3600,"type":"CNAME"},"sensitive_attributes":[],"private":"bnVsbA==","dependencies":["module.desec_domain_config.data.zonefile_record_sets.zone","module.desec_domain_config.desec_domain.domain"]},{"index_key":"*.home CNAME","schema_version":0,"attributes":{"created":"2025-05-31T20:42:19Z","domain":"lly.sh","id":"lly.sh/*.home/CNAME","name":"*.home.lly.sh.","records":["home.lly.sh."],"subname":"*.home","ttl":3600,"type":"CNAME"},"sensitive_attributes":[],"private":"bnVsbA==","dependencies":["module.desec_domain_config.data.zonefile_record_sets.zone","module.desec_domain_config.desec_domain.domain"]},{"index_key":"*.mail CNAME","schema_version":0,"attributes":{"created":"2025-05-31T20:42:52Z","domain":"lly.sh","id":"lly.sh/*.mail/CNAME","name":"*.mail.lly.sh.","records":["mail.srv.lly.sh."],"subname":"*.mail","ttl":3600,"type":"CNAME"},"sensitive_attributes":[],"private":"bnVsbA==","dependencies":["module.desec_domain_config.data.zonefile_record_sets.zone","module.desec_domain_config.desec_domain.domain"]},{"index_key":"@ A","schema_version":0,"attributes":{"created":"2025-05-31T20:42:20Z","domain":"lly.sh","id":"lly.sh/@/A","name":"lly.sh.","records":["185.161.130.10"],"subname":"","ttl":3600,"type":"A"},"sensitive_attributes":[],"private":"bnVsbA==","dependencies":["module.desec_domain_config.data.zonefile_record_sets.zone","module.desec_domain_config.desec_domain.domain"]},{"index_key":"@ AAAA","schema_version":0,"attributes":{"created":"2025-10-17T10:13:45Z","domain":"lly.sh","id":"lly.sh/@/AAAA","name":"lly.sh.","records":["2a07:c481:2:6::"],"subname":"","ttl":3600,"type":"AAAA"},"sensitive_attributes":[],"private":"eyJzY2hlbWFfdmVyc2lvbiI6IjAifQ==","dependencies":["module.desec_domain_config.data.zonefile_record_sets.zone","module.desec_domain_config.desec_domain.domain"]},{"index_key":"@ MX","schema_version":0,"attributes":{"created":"2025-05-31T20:41:08Z","domain":"lly.sh","id":"lly.sh/@/MX","name":"lly.sh.","records":["100 mail.srv.lly.sh.","200 mxext1.mailbox.org.","200 mxext2.mailbox.org.","210 mxext3.mailbox.org."],"subname":"","ttl":3600,"type":"MX"},"sensitive_attributes":[],"private":"bnVsbA==","dependencies":["module.desec_domain_config.data.zonefile_record_sets.zone","module.desec_domain_config.desec_domain.domain"]},{"index_key":"@ NS","schema_version":0,"attributes":{"created":"2025-05-31T20:42:19Z","domain":"lly.sh","id":"lly.sh/@/NS","name":"lly.sh.","records":["ns1.desec.io.","ns2.desec.org."],"subname":"","ttl":3600,"type":"NS"},"sensitive_attributes":[],"private":"bnVsbA==","dependencies":["module.desec_domain_config.data.zonefile_record_sets.zone","module.desec_domain_config.desec_domain.domain"]},{"index_key":"@ TXT","schema_version":0,"attributes":{"created":"2025-05-31T20:41:24Z","domain":"lly.sh","id":"lly.sh/@/TXT","name":"lly.sh.","records":["v=spf1 +a:mail.srv.lly.sh +include:mailbox.org -all"],"subname":"","ttl":3600,"type":"TXT"},"sensitive_attributes":[],"private":"bnVsbA==","dependencies":["module.desec_domain_config.data.zonefile_record_sets.zone","module.desec_domain_config.desec_domain.domain"]},{"index_key":"_dmarc TXT","schema_version":0,"attributes":{"created":"2025-05-31T20:42:18Z","domain":"lly.sh","id":"lly.sh/_dmarc/TXT","name":"_dmarc.lly.sh.","records":["v=DMARC1; p=reject; ruf=mailto:dmarc-reports@ftsell.de;"],"subname":"_dmarc","ttl":3600,"type":"TXT"},"sensitive_attributes":[],"private":"bnVsbA==","dependencies":["module.desec_domain_config.data.zonefile_record_sets.zone","module.desec_domain_config.desec_domain.domain"]},{"index_key":"audiobooks CNAME","schema_version":0,"attributes":{"created":"2025-05-31T20:40:36Z","domain":"lly.sh","id":"lly.sh/audiobooks/CNAME","name":"audiobooks.lly.sh.","records":["h.oleb.it."],"subname":"audiobooks","ttl":3600,"type":"CNAME"},"sensitive_attributes":[],"private":"bnVsbA==","dependencies":["module.desec_domain_config.data.zonefile_record_sets.zone","module.desec_domain_config.desec_domain.domain"]},{"index_key":"gtw.srv CNAME","schema_version":0,"attributes":{"created":"2025-05-31T20:41:11Z","domain":"lly.sh","id":"lly.sh/gtw.srv/CNAME","name":"gtw.srv.lly.sh.","records":["vps0.hosting.srv.lly.sh."],"subname":"gtw.srv","ttl":3600,"type":"CNAME"},"sensitive_attributes":[],"private":"bnVsbA==","dependencies":["module.desec_domain_config.data.zonefile_record_sets.zone","module.desec_domain_config.desec_domain.domain"]},{"index_key":"hosting.srv A","schema_version":0,"attributes":{"created":"2025-05-31T20:41:22Z","domain":"lly.sh","id":"lly.sh/hosting.srv/A","name":"hosting.srv.lly.sh.","records":["37.153.156.125"],"subname":"hosting.srv","ttl":3600,"type":"A"},"sensitive_attributes":[],"private":"bnVsbA==","dependencies":["module.desec_domain_config.data.zonefile_record_sets.zone","module.desec_domain_config.desec_domain.domain"]},{"index_key":"hosting.srv AAAA","schema_version":0,"attributes":{"created":"2025-05-31T20:42:23Z","domain":"lly.sh","id":"lly.sh/hosting.srv/AAAA","name":"hosting.srv.lly.sh.","records":["2a10:9906:1002:0:125::125"],"subname":"hosting.srv","ttl":3600,"type":"AAAA"},"sensitive_attributes":[],"private":"bnVsbA==","dependencies":["module.desec_domain_config.data.zonefile_record_sets.zone","module.desec_domain_config.desec_domain.domain"]},{"index_key":"mail CNAME","schema_version":0,"attributes":{"created":"2025-05-31T20:41:28Z","domain":"lly.sh","id":"lly.sh/mail/CNAME","name":"mail.lly.sh.","records":["mail.srv.lly.sh."],"subname":"mail","ttl":3600,"type":"CNAME"},"sensitive_attributes":[],"private":"bnVsbA==","dependencies":["module.desec_domain_config.data.zonefile_record_sets.zone","module.desec_domain_config.desec_domain.domain"]},{"index_key":"mail.srv A","schema_version":0,"attributes":{"created":"2025-05-31T20:40:36Z","domain":"lly.sh","id":"lly.sh/mail.srv/A","name":"mail.srv.lly.sh.","records":["37.153.156.170"],"subname":"mail.srv","ttl":3600,"type":"A"},"sensitive_attributes":[],"private":"bnVsbA==","dependencies":["module.desec_domain_config.data.zonefile_record_sets.zone","module.desec_domain_config.desec_domain.domain"]},{"index_key":"mail.srv AAAA","schema_version":0,"attributes":{"created":"2025-05-31T20:42:18Z","domain":"lly.sh","id":"lly.sh/mail.srv/AAAA","name":"mail.srv.lly.sh.","records":["2a10:9902:111:10:be24:11ff:fe6d:821e"],"subname":"mail.srv","ttl":3600,"type":"AAAA"},"sensitive_attributes":[],"private":"bnVsbA==","dependencies":["module.desec_domain_config.data.zonefile_record_sets.zone","module.desec_domain_config.desec_domain.domain"]},{"index_key":"main._domainkey TXT","schema_version":0,"attributes":{"created":"2025-05-31T20:41:32Z","domain":"lly.sh","id":"lly.sh/main._domainkey/TXT","name":"main._domainkey.lly.sh.","records":["v=DKIM1; h=sha256; k=rsa; p=MIIBIjANBgkqhkiG9w0BAQEFAAOCAQ8AMIIBCgKCAQEA2Aq7HNQZmuk438HUlcYsxkmRuHJOz4ZpPRfIIml6C3Qp5hY5O7l8cSmvhsj1vLoMoPi4CWwHyOVl2hRTMQqsYz+l6ZFAcwI3YBDTD7hjaB3nNjGfOVo1X2Cq7c+sFaeMAZwTqC2R1TusfVb7QBuUTRxVnHStvc7crmOdJb0NCVBZvJ0juYkmXtAi6S/VhBZxDSpMb69Eef48yeyFEhK5qcRSAA2D/RnaZwY1/RrKS4RpP6YEhkgFkLtgiQuYjslk64zDYiJu3pmIhW1an+qv984C55FowifyGVaLkCkvXrnO/kMMX5Ya05N6RnurVCP9w6Vu2yX8zThY1F8yyro6SwIDAQAB"],"subname":"main._domainkey","ttl":3600,"type":"TXT"},"sensitive_attributes":[],"private":"bnVsbA==","dependencies":["module.desec_domain_config.data.zonefile_record_sets.zone","module.desec_domain_config.desec_domain.domain"]},{"index_key":"media CNAME","schema_version":0,"attributes":{"created":"2025-05-31T20:42:24Z","domain":"lly.sh","id":"lly.sh/media/CNAME","name":"media.lly.sh.","records":["h.oleb.it."],"subname":"media","ttl":3600,"type":"CNAME"},"sensitive_attributes":[],"private":"bnVsbA==","dependencies":["module.desec_domain_config.data.zonefile_record_sets.zone","module.desec_domain_config.desec_domain.domain"]},{"index_key":"rt-hosting.srv A","schema_version":0,"attributes":{"created":"2025-05-31T20:41:17Z","domain":"lly.sh","id":"lly.sh/rt-hosting.srv/A","name":"rt-hosting.srv.lly.sh.","records":["37.153.156.168"],"subname":"rt-hosting.srv","ttl":3600,"type":"A"},"sensitive_attributes":[],"private":"bnVsbA==","dependencies":["module.desec_domain_config.data.zonefile_record_sets.zone","module.desec_domain_config.desec_domain.domain"]},{"index_key":"rt-hosting.srv AAAA","schema_version":0,"attributes":{"created":"2025-05-31T20:41:30Z","domain":"lly.sh","id":"lly.sh/rt-hosting.srv/AAAA","name":"rt-hosting.srv.lly.sh.","records":["2a10:9906:1002:0:125::126"],"subname":"rt-hosting.srv","ttl":3600,"type":"AAAA"},"sensitive_attributes":[],"private":"bnVsbA==","dependencies":["module.desec_domain_config.data.zonefile_record_sets.zone","module.desec_domain_config.desec_domain.domain"]},{"index_key":"vps0.hosting.srv A","schema_version":0,"attributes":{"created":"2025-05-31T20:41:26Z","domain":"lly.sh","id":"lly.sh/vps0.hosting.srv/A","name":"vps0.hosting.srv.lly.sh.","records":["37.153.156.169"],"subname":"vps0.hosting.srv","ttl":3600,"type":"A"},"sensitive_attributes":[],"private":"bnVsbA==","dependencies":["module.desec_domain_config.data.zonefile_record_sets.zone","module.desec_domain_config.desec_domain.domain"]},{"index_key":"vps1.hosting.srv A","schema_version":0,"attributes":{"created":"2025-05-31T20:41:19Z","domain":"lly.sh","id":"lly.sh/vps1.hosting.srv/A","name":"vps1.hosting.srv.lly.sh.","records":["37.153.156.171"],"subname":"vps1.hosting.srv","ttl":3600,"type":"A"},"sensitive_attributes":[],"private":"bnVsbA==","dependencies":["module.desec_domain_config.data.zonefile_record_sets.zone","module.desec_domain_config.desec_domain.domain"]},{"index_key":"vps2.hosting.srv A","schema_version":0,"attributes":{"created":"2025-05-31T20:42:22Z","domain":"lly.sh","id":"lly.sh/vps2.hosting.srv/A","name":"vps2.hosting.srv.lly.sh.","records":["37.153.156.172"],"subname":"vps2.hosting.srv","ttl":3600,"type":"A"},"sensitive_attributes":[],"private":"bnVsbA==","dependencies":["module.desec_domain_config.data.zonefile_record_sets.zone","module.desec_domain_config.desec_domain.domain"]},{"index_key":"vps3.hosting.srv A","schema_version":0,"attributes":{"created":"2025-05-31T20:40:37Z","domain":"lly.sh","id":"lly.sh/vps3.hosting.srv/A","name":"vps3.hosting.srv.lly.sh.","records":["37.153.156.173"],"subname":"vps3.hosting.srv","ttl":3600,"type":"A"},"sensitive_attributes":[],"private":"bnVsbA==","dependencies":["module.desec_domain_config.data.zonefile_record_sets.zone","module.desec_domain_config.desec_domain.domain"]},{"index_key":"vps4.hosting.srv A","schema_version":0,"attributes":{"created":"2025-05-31T20:42:23Z","domain":"lly.sh","id":"lly.sh/vps4.hosting.srv/A","name":"vps4.hosting.srv.lly.sh.","records":["37.153.156.174"],"subname":"vps4.hosting.srv","ttl":3600,"type":"A"},"sensitive_attributes":[],"private":"bnVsbA==","dependencies":["module.desec_domain_config.data.zonefile_record_sets.zone","module.desec_domain_config.desec_domain.domain"]},{"index_key":"vps5.hosting.srv A","schema_version":0,"attributes":{"created":"2025-05-31T20:42:22Z","domain":"lly.sh","id":"lly.sh/vps5.hosting.srv/A","name":"vps5.hosting.srv.lly.sh.","records":["37.153.156.175"],"subname":"vps5.hosting.srv","ttl":3600,"type":"A"},"sensitive_attributes":[],"private":"bnVsbA==","dependencies":["module.desec_domain_config.data.zonefile_record_sets.zone","module.desec_domain_config.desec_domain.domain"]},{"index_key":"vps6.hosting.srv A","schema_version":0,"attributes":{"created":"2025-05-31T20:42:20Z","domain":"lly.sh","id":"lly.sh/vps6.hosting.srv/A","name":"vps6.hosting.srv.lly.sh.","records":["37.153.156.176"],"subname":"vps6.hosting.srv","ttl":3600,"type":"A"},"sensitive_attributes":[],"private":"bnVsbA==","dependencies":["module.desec_domain_config.data.zonefile_record_sets.zone","module.desec_domain_config.desec_domain.domain"]}]}],"check_results":null}
