{"version":4,"terraform_version":"1.8.7","serial":12,"lineage":"025240a6-39bf-74fd-cf1c-fa53c0d75807","outputs":{},"resources":[{"module":"module.hosting-pve","mode":"managed","type":"proxmox_virtual_environment_group","name":"tenants","provider":"provider[\"registry.opentofu.org/bpg/proxmox\"]","instances":[{"schema_version":0,"attributes":{"acl":[{"path":"/storage/local","propagate":true,"role_id":"PVEDatastoreUser"}],"comment":"","group_id":"tenants","id":"tenants","members":["bene@pve","freddy@pve","fux@pve","isa@pve","noah@pve","timon@pve"]},"sensitive_attributes":[],"private":"bnVsbA=="}]},{"module":"module.hosting-pve","mode":"managed","type":"proxmox_virtual_environment_user","name":"tenant-users","provider":"provider[\"registry.opentofu.org/bpg/proxmox\"]","instances":[{"index_key":"bene","schema_version":0,"attributes":{"acl":[{"path":"/vms/108","propagate":true,"role_id":"PVEVMUser"}],"comment":"","email":"","enabled":true,"expiration_date":"1970-01-01T00:00:00Z","first_name":"","groups":["tenants"],"id":"bene@pve","keys":"","last_name":"","password":null,"user_id":"bene@pve"},"sensitive_attributes":[[{"type":"get_attr","value":"password"}]],"private":"bnVsbA==","dependencies":["module.hosting-pve.proxmox_virtual_environment_group.tenants"]},{"index_key":"freddy","schema_version":0,"attributes":{"acl":[{"path":"/vms/113","propagate":true,"role_id":"PVEVMUser"}],"comment":"","email":"","enabled":true,"expiration_date":"1970-01-01T00:00:00Z","first_name":"","groups":["tenants"],"id":"freddy@pve","keys":"x","last_name":"","password":null,"user_id":"freddy@pve"},"sensitive_attributes":[[{"type":"get_attr","value":"password"}]],"private":"bnVsbA==","dependencies":["module.hosting-pve.proxmox_virtual_environment_group.tenants"]},{"index_key":"fux","schema_version":0,"attributes":{"acl":[{"path":"/vms/112","propagate":true,"role_id":"PVEVMUser"}],"comment":"","email":"","enabled":true,"expiration_date":"1970-01-01T00:00:00Z","first_name":"","groups":["tenants"],"id":"fux@pve","keys":"","last_name":"","password":null,"user_id":"fux@pve"},"sensitive_attributes":[[{"type":"get_attr","value":"password"}]],"private":"bnVsbA==","dependencies":["module.hosting-pve.proxmox_virtual_environment_group.tenants"]},{"index_key":"isa","schema_version":0,"attributes":{"acl":[{"path":"/vms/110","propagate":true,"role_id":"PVEVMUser"}],"comment":"","email":"","enabled":true,"expiration_date":"1970-01-01T00:00:00Z","first_name":"","groups":["tenants"],"id":"isa@pve","keys":"","last_name":"","password":null,"user_id":"isa@pve"},"sensitive_attributes":[[{"type":"get_attr","value":"password"}]],"private":"bnVsbA==","dependencies":["module.hosting-pve.proxmox_virtual_environment_group.tenants"]},{"index_key":"noah","schema_version":0,"attributes":{"acl":[{"path":"/vms/111","propagate":true,"role_id":"PVEVMUser"}],"comment":"","email":"","enabled":true,"expiration_date":"1970-01-01T00:00:00Z","first_name":"","groups":["tenants"],"id":"noah@pve","keys":"","last_name":"","password":null,"user_id":"noah@pve"},"sensitive_attributes":[[{"type":"get_attr","value":"password"}]],"private":"bnVsbA==","dependencies":["module.hosting-pve.proxmox_virtual_environment_group.tenants"]},{"index_key":"timon","schema_version":0,"attributes":{"acl":[{"path":"/vms/109","propagate":true,"role_id":"PVEVMUser"}],"comment":"","email":"","enabled":true,"expiration_date":"1970-01-01T00:00:00Z","first_name":"","groups":["tenants"],"id":"timon@pve","keys":"","last_name":"","password":null,"user_id":"timon@pve"},"sensitive_attributes":[[{"type":"get_attr","value":"password"}]],"private":"bnVsbA==","dependencies":["module.hosting-pve.proxmox_virtual_environment_group.tenants"]}]}],"check_results":null}
